Microsoft Visual Studio Solution File, Format Version 12.00
# Visual Studio Version 17
VisualStudioVersion = 17.12.35527.113
MinimumVisualStudioVersion = 10.0.40219.1
Project("{8BC9CEB8-8B4A-11D0-8D11-00A0C91BC942}") = "Lib_MCC", "Shared\MCC\Lib_MCC.vcxproj", "{FE981AE8-F6D5-4657-BB64-098285914E56}"
EndProject
Project("{8BC9CEB8-8B4A-11D0-8D11-00A0C91BC942}") = "Lib_MSystem", "Shared\MOS\MSystem\Lib_MSystem.vcxproj", "{6E50C018-B112-4558-8DF8-8FD51036E234}"
EndProject
Project("{8BC9CEB8-8B4A-11D0-8D11-00A0C91BC942}") = "Lib_XR", "Shared\MOS\XR\Lib_XR.vcxproj", "{A9D77F25-F48B-44CA-AEE9-CF4856780AF6}"
EndProject
Project("{8BC9CEB8-8B4A-11D0-8D11-00A0C91BC942}") = "Lib_XRClasses", "Shared\MOS\Libs\XRClasses\Lib_XRClasses.vcxproj", "{014D1EA1-CDCF-42DA-90AA-C24C92A2CC62}"
EndProject
Project("{8BC9CEB8-8B4A-11D0-8D11-00A0C91BC942}") = "Lib_GameClassesMain", "Projects\Main\GameClasses\Lib_GameClassesMain.vcxproj", "{1FF5273B-E257-4781-922D-295501A20BE9}"
EndProject
Project("{8BC9CEB8-8B4A-11D0-8D11-00A0C91BC942}") = "Lib_GameWorld", "Projects\Main\GameWorld\Lib_GameWorld.vcxproj", "{391E0574-83D5-4F51-81EB-5591AAF56EF3}"
EndProject
Project("{8BC9CEB8-8B4A-11D0-8D11-00A0C91BC942}") = "Lib_GameClassesObjChar", "Projects\Main\GameClasses\Lib_GameClassesObjChar.vcxproj", "{28B6E7FA-F1C0-4739-941C-26D17CBA7403}"
EndProject
Project("{8BC9CEB8-8B4A-11D0-8D11-00A0C91BC942}") = "Lib_GameClassesObjMisc", "Projects\Main\GameClasses\Lib_GameClassesObjMisc.vcxproj", "{877B791A-47E4-40DD-90D5-70A14203699C}"
EndProject
Project("{8BC9CEB8-8B4A-11D0-8D11-00A0C91BC942}") = "Lib_GameClassesModelsAI", "Projects\Main\GameClasses\Lib_GameClassesModelsAI.vcxproj", "{58EDAE4C-C98A-4D02-85CB-8F6360A86EF5}"
EndProject
Project("{8BC9CEB8-8B4A-11D0-8D11-00A0C91BC942}") = "Lib_GameClassesOther", "Projects\Main\GameClasses\Lib_GameClassesOther.vcxproj", "{1CE00D93-4D57-4051-9464-1778D979D6C2}"
EndProject
Project("{8BC9CEB8-8B4A-11D0-8D11-00A0C91BC942}") = "Exe_Win32", "Projects\Main\Exe_Win32\Exe_Win32.vcxproj", "{02F0BA0D-7C3C-4ADF-BF86-34613BC46E46}"
	ProjectSection(ProjectDependencies) = postProject
		{014D1EA1-CDCF-42DA-90AA-C24C92A2CC62} = {014D1EA1-CDCF-42DA-90AA-C24C92A2CC62}
		{1AF25048-CE33-4F40-A4B9-B90E67AEC1AA} = {1AF25048-CE33-4F40-A4B9-B90E67AEC1AA}
		{1CE00D93-4D57-4051-9464-1778D979D6C2} = {1CE00D93-4D57-4051-9464-1778D979D6C2}
		{1FF5273B-E257-4781-922D-295501A20BE9} = {1FF5273B-E257-4781-922D-295501A20BE9}
		{28B6E7FA-F1C0-4739-941C-26D17CBA7403} = {28B6E7FA-F1C0-4739-941C-26D17CBA7403}
		{391E0574-83D5-4F51-81EB-5591AAF56EF3} = {391E0574-83D5-4F51-81EB-5591AAF56EF3}
		{40E76C42-D3DF-463D-AFBA-1113710A7157} = {40E76C42-D3DF-463D-AFBA-1113710A7157}
		{58EDAE4C-C98A-4D02-85CB-8F6360A86EF5} = {58EDAE4C-C98A-4D02-85CB-8F6360A86EF5}
		{6E50C018-B112-4558-8DF8-8FD51036E234} = {6E50C018-B112-4558-8DF8-8FD51036E234}
		{877B791A-47E4-40DD-90D5-70A14203699C} = {877B791A-47E4-40DD-90D5-70A14203699C}
		{A9D77F25-F48B-44CA-AEE9-CF4856780AF6} = {A9D77F25-F48B-44CA-AEE9-CF4856780AF6}
		{FE981AE8-F6D5-4657-BB64-098285914E56} = {FE981AE8-F6D5-4657-BB64-098285914E56}
	EndProjectSection
EndProject
Project("{8BC9CEB8-8B4A-11D0-8D11-00A0C91BC942}") = "Lib_OpenGL", "Shared\MOS\rndrgl\Lib_OpenGL.vcxproj", "{1AF25048-CE33-4F40-A4B9-B90E67AEC1AA}"
EndProject
Project("{8BC9CEB8-8B4A-11D0-8D11-00A0C91BC942}") = "Lib_Sokol", "Shared\MOS\rndrsokol\Lib_Sokol.vcxproj", "{40E76C42-D3DF-463D-AFBA-1113710A7157}"
EndProject
Global
	GlobalSection(SolutionConfigurationPlatforms) = preSolution
		Debug|Win32 = Debug|Win32
		Release|Win32 = Release|Win32
	EndGlobalSection
	GlobalSection(ProjectConfigurationPlatforms) = postSolution
		{FE981AE8-F6D5-4657-BB64-098285914E56}.Debug|Win32.ActiveCfg = Debug|Win32
		{FE981AE8-F6D5-4657-BB64-098285914E56}.Debug|Win32.Build.0 = Debug|Win32
		{FE981AE8-F6D5-4657-BB64-098285914E56}.Release|Win32.ActiveCfg = Release|Win32
		{FE981AE8-F6D5-4657-BB64-098285914E56}.Release|Win32.Build.0 = Release|Win32
		{6E50C018-B112-4558-8DF8-8FD51036E234}.Debug|Win32.ActiveCfg = Debug|Win32
		{6E50C018-B112-4558-8DF8-8FD51036E234}.Debug|Win32.Build.0 = Debug|Win32
		{6E50C018-B112-4558-8DF8-8FD51036E234}.Release|Win32.ActiveCfg = Release|Win32
		{6E50C018-B112-4558-8DF8-8FD51036E234}.Release|Win32.Build.0 = Release|Win32
		{A9D77F25-F48B-44CA-AEE9-CF4856780AF6}.Debug|Win32.ActiveCfg = Debug|Win32
		{A9D77F25-F48B-44CA-AEE9-CF4856780AF6}.Debug|Win32.Build.0 = Debug|Win32
		{A9D77F25-F48B-44CA-AEE9-CF4856780AF6}.Release|Win32.ActiveCfg = Release|Win32
		{A9D77F25-F48B-44CA-AEE9-CF4856780AF6}.Release|Win32.Build.0 = Release|Win32
		{014D1EA1-CDCF-42DA-90AA-C24C92A2CC62}.Debug|Win32.ActiveCfg = Debug|Win32
		{014D1EA1-CDCF-42DA-90AA-C24C92A2CC62}.Debug|Win32.Build.0 = Debug|Win32
		{014D1EA1-CDCF-42DA-90AA-C24C92A2CC62}.Release|Win32.ActiveCfg = Release|Win32
		{014D1EA1-CDCF-42DA-90AA-C24C92A2CC62}.Release|Win32.Build.0 = Release|Win32
		{1FF5273B-E257-4781-922D-295501A20BE9}.Debug|Win32.ActiveCfg = Debug|Win32
		{1FF5273B-E257-4781-922D-295501A20BE9}.Debug|Win32.Build.0 = Debug|Win32
		{1FF5273B-E257-4781-922D-295501A20BE9}.Release|Win32.ActiveCfg = Release|Win32
		{1FF5273B-E257-4781-922D-295501A20BE9}.Release|Win32.Build.0 = Release|Win32
		{391E0574-83D5-4F51-81EB-5591AAF56EF3}.Debug|Win32.ActiveCfg = Debug|Win32
		{391E0574-83D5-4F51-81EB-5591AAF56EF3}.Debug|Win32.Build.0 = Debug|Win32
		{391E0574-83D5-4F51-81EB-5591AAF56EF3}.Release|Win32.ActiveCfg = Release|Win32
		{391E0574-83D5-4F51-81EB-5591AAF56EF3}.Release|Win32.Build.0 = Release|Win32
		{28B6E7FA-F1C0-4739-941C-26D17CBA7403}.Debug|Win32.ActiveCfg = Debug|Win32
		{28B6E7FA-F1C0-4739-941C-26D17CBA7403}.Debug|Win32.Build.0 = Debug|Win32
		{28B6E7FA-F1C0-4739-941C-26D17CBA7403}.Release|Win32.ActiveCfg = Release|Win32
		{28B6E7FA-F1C0-4739-941C-26D17CBA7403}.Release|Win32.Build.0 = Release|Win32
		{877B791A-47E4-40DD-90D5-70A14203699C}.Debug|Win32.ActiveCfg = Debug|Win32
		{877B791A-47E4-40DD-90D5-70A14203699C}.Debug|Win32.Build.0 = Debug|Win32
		{877B791A-47E4-40DD-90D5-70A14203699C}.Release|Win32.ActiveCfg = Release|Win32
		{877B791A-47E4-40DD-90D5-70A14203699C}.Release|Win32.Build.0 = Release|Win32
		{58EDAE4C-C98A-4D02-85CB-8F6360A86EF5}.Debug|Win32.ActiveCfg = Debug|Win32
		{58EDAE4C-C98A-4D02-85CB-8F6360A86EF5}.Debug|Win32.Build.0 = Debug|Win32
		{58EDAE4C-C98A-4D02-85CB-8F6360A86EF5}.Release|Win32.ActiveCfg = Release|Win32
		{58EDAE4C-C98A-4D02-85CB-8F6360A86EF5}.Release|Win32.Build.0 = Release|Win32
		{1CE00D93-4D57-4051-9464-1778D979D6C2}.Debug|Win32.ActiveCfg = Debug|Win32
		{1CE00D93-4D57-4051-9464-1778D979D6C2}.Debug|Win32.Build.0 = Debug|Win32
		{1CE00D93-4D57-4051-9464-1778D979D6C2}.Release|Win32.ActiveCfg = Release|Win32
		{1CE00D93-4D57-4051-9464-1778D979D6C2}.Release|Win32.Build.0 = Release|Win32
		{02F0BA0D-7C3C-4ADF-BF86-34613BC46E46}.Debug|Win32.ActiveCfg = Debug|Win32
		{02F0BA0D-7C3C-4ADF-BF86-34613BC46E46}.Debug|Win32.Build.0 = Debug|Win32
		{02F0BA0D-7C3C-4ADF-BF86-34613BC46E46}.Release|Win32.ActiveCfg = Release|Win32
		{02F0BA0D-7C3C-4ADF-BF86-34613BC46E46}.Release|Win32.Build.0 = Release|Win32
		{1AF25048-CE33-4F40-A4B9-B90E67AEC1AA}.Debug|Win32.ActiveCfg = Debug|Win32
		{1AF25048-CE33-4F40-A4B9-B90E67AEC1AA}.Debug|Win32.Build.0 = Debug|Win32
		{1AF25048-CE33-4F40-A4B9-B90E67AEC1AA}.Release|Win32.ActiveCfg = Release|Win32
		{1AF25048-CE33-4F40-A4B9-B90E67AEC1AA}.Release|Win32.Build.0 = Release|Win32
		{40E76C42-D3DF-463D-AFBA-1113710A7157}.Debug|Win32.ActiveCfg = Debug|Win32
		{40E76C42-D3DF-463D-AFBA-1113710A7157}.Debug|Win32.Build.0 = Debug|Win32
		{40E76C42-D3DF-463D-AFBA-1113710A7157}.Release|Win32.ActiveCfg = Release|Win32
		{40E76C42-D3DF-463D-AFBA-1113710A7157}.Release|Win32.Build.0 = Release|Win32
	EndGlobalSection
	GlobalSection(SolutionProperties) = preSolution
		HideSolutionNode = FALSE
	EndGlobalSection
EndGlobal
