<?xml version="1.0" encoding="utf-8"?>
<Project ToolsVersion="4.0" xmlns="http://schemas.microsoft.com/developer/msbuild/2003">
  <ItemGroup>
    <Filter Include="PCH">
      <UniqueIdentifier>{f78e330a-cdef-4674-a10a-b4b1bff85818}</UniqueIdentifier>
    </Filter>
    <Filter Include="Shared">
      <UniqueIdentifier>{bf11a05a-7f77-4673-aa7c-4bb7f30fbdc2}</UniqueIdentifier>
    </Filter>
    <Filter Include="Shared\MCC">
      <UniqueIdentifier>{4edbfb31-ea9b-41f7-b558-c22fad468245}</UniqueIdentifier>
    </Filter>
    <Filter Include="Shared\MOS">
      <UniqueIdentifier>{5307498f-4e45-4d2a-9d9d-41483f00dfc2}</UniqueIdentifier>
    </Filter>
    <Filter Include="Shared\MOS\Misc">
      <UniqueIdentifier>{27c9250a-acce-4d18-baf6-5a1cadcffb28}</UniqueIdentifier>
    </Filter>
    <Filter Include="Shared\MOS\File">
      <UniqueIdentifier>{5022da28-6889-439c-b95b-82e3e2c54ff3}</UniqueIdentifier>
    </Filter>
    <Filter Include="Render">
      <UniqueIdentifier>{903d2de2-a672-432f-8867-2160b11e72aa}</UniqueIdentifier>
    </Filter>
    <Filter Include="GLAD">
      <UniqueIdentifier>{c80ef753-09e7-41cf-84fb-9f8e618b2074}</UniqueIdentifier>
    </Filter>
  </ItemGroup>
  <ItemGroup>
    <ClCompile Include="PCH\Pch.cpp">
      <Filter>PCH</Filter>
    </ClCompile>
    <ClCompile Include="..\..\MCC\MFile.cpp" />
    <ClCompile Include="..\..\MCC\MFile_StreamMgr.cpp" />
    <ClCompile Include="..\..\MCC\Mrtc.cpp" />
    <ClCompile Include="MDisplayGL.cpp">
      <Filter>Render</Filter>
    </ClCompile>
    <ClCompile Include="MRenderGL_Attrib.cpp">
      <Filter>Render</Filter>
    </ClCompile>
    <ClCompile Include="MRenderGL_Cmd.cpp">
      <Filter>Render</Filter>
    </ClCompile>
    <ClCompile Include="MRenderGL_Context.cpp">
      <Filter>Render</Filter>
    </ClCompile>
    <ClCompile Include="MRenderGL_Dyn.cpp">
      <Filter>Render</Filter>
    </ClCompile>
    <ClCompile Include="MRenderGL_FragmentProgram.cpp">
      <Filter>Render</Filter>
    </ClCompile>
    <ClCompile Include="MRenderGL_Image.cpp">
      <Filter>Render</Filter>
    </ClCompile>
    <ClCompile Include="MRenderGL_OcclusionQuery.cpp">
      <Filter>Render</Filter>
    </ClCompile>
    <ClCompile Include="MRenderGL_Render.cpp">
      <Filter>Render</Filter>
    </ClCompile>
    <ClCompile Include="MRenderGL_RenderVA.cpp">
      <Filter>Render</Filter>
    </ClCompile>
    <ClCompile Include="MRenderGL_Texture.cpp">
      <Filter>Render</Filter>
    </ClCompile>
    <ClCompile Include="MRenderGL_VBO.cpp">
      <Filter>Render</Filter>
    </ClCompile>
    <ClCompile Include="MRenderGL_VertexProgram.cpp">
      <Filter>Render</Filter>
    </ClCompile>
    <ClCompile Include="..\..\..\SDK\glad\src\glad.c">
      <Filter>GLAD</Filter>
    </ClCompile>
  </ItemGroup>
  <ItemGroup>
    <ClInclude Include="PCH\PCH.H">
      <Filter>PCH</Filter>
    </ClInclude>
    <ClInclude Include="MDisplayGL.h">
      <Filter>Render</Filter>
    </ClInclude>
    <ClInclude Include="MGLGlobalFunctions.h">
      <Filter>Render</Filter>
    </ClInclude>
    <ClInclude Include="MRenderGL_Context.h">
      <Filter>Render</Filter>
    </ClInclude>
    <ClInclude Include="MRenderGL_Def.h">
      <Filter>Render</Filter>
    </ClInclude>
    <ClInclude Include="MRenderGL_Image.h">
      <Filter>Render</Filter>
    </ClInclude>
  </ItemGroup>
</Project>